<?xml version="1.0" encoding="utf-8"?>
<Project ToolsVersion="4.0" xmlns="http://schemas.microsoft.com/developer/msbuild/2003">
  <ItemGroup>
    <Filter Include="Source Files">
      <UniqueIdentifier>{4FC737F1-C7A5-4376-A066-2A32D752A2FF}</UniqueIdentifier>
      <Extensions>cpp;c;cc;cxx;def;odl;idl;hpj;bat;asm;asmx</Extensions>
    </Filter>
    <Filter Include="Header Files">
      <UniqueIdentifier>{93995380-89BD-4b04-88EB-625FBE52EBFB}</UniqueIdentifier>
      <Extensions>h;hh;hpp;hxx;hm;inl;inc;xsd</Extensions>
    </Filter>
  </ItemGroup>
  <ItemGroup>
    <ClCompile Include="graphicsBuffer.cpp">
      <Filter>Source Files</Filter>
    </ClCompile>
    <ClCompile Include="graphicsSystem.cpp">
      <Filter>Source Files</Filter>
    </ClCompile>
    <ClCompile Include="sprite.cpp">
      <Filter>Source Files</Filter>
    </ClCompile>
    <ClCompile Include="game.cpp">
      <Filter>Source Files</Filter>
    </ClCompile>
    <ClCompile Include="unit.cpp">
      <Filter>Source Files</Filter>
    </ClCompile>
    <ClCompile Include="animation.cpp">
      <Filter>Source Files</Filter>
    </ClCompile>
    <ClCompile Include="graphicsBufferManager.cpp">
      <Filter>Source Files</Filter>
    </ClCompile>
    <ClCompile Include="event.cpp">
      <Filter>Source Files</Filter>
    </ClCompile>
    <ClCompile Include="inputSystem.cpp">
      <Filter>Source Files</Filter>
    </ClCompile>
    <ClCompile Include="EventListener.cpp">
      <Filter>Source Files</Filter>
    </ClCompile>
    <ClCompile Include="EventSystem.cpp">
      <Filter>Source Files</Filter>
    </ClCompile>
    <ClCompile Include="quitEvent.cpp">
      <Filter>Source Files</Filter>
    </ClCompile>
    <ClCompile Include="unitAddEvent.cpp">
      <Filter>Source Files</Filter>
    </ClCompile>
    <ClCompile Include="unitRemoveEvent.cpp">
      <Filter>Source Files</Filter>
    </ClCompile>
    <ClCompile Include="unitManager.cpp">
      <Filter>Source Files</Filter>
    </ClCompile>
    <ClCompile Include="main.cpp">
      <Filter>Source Files</Filter>
    </ClCompile>
    <ClCompile Include="jsonData.cpp">
      <Filter>Source Files</Filter>
    </ClCompile>
    <ClCompile Include="levelManager.cpp">
      <Filter>Source Files</Filter>
    </ClCompile>
    <ClCompile Include="color.cpp">
      <Filter>Source Files</Filter>
    </ClCompile>
    <ClCompile Include="ui.cpp">
      <Filter>Source Files</Filter>
    </ClCompile>
    <ClCompile Include="updateFPSEvent.cpp">
      <Filter>Source Files</Filter>
    </ClCompile>
    <ClCompile Include="font.cpp">
      <Filter>Source Files</Filter>
    </ClCompile>
    <ClCompile Include="level.cpp">
      <Filter>Source Files</Filter>
    </ClCompile>
    <ClCompile Include="incrementLivesEvent.cpp">
      <Filter>Source Files</Filter>
    </ClCompile>
    <ClCompile Include="wall.cpp">
      <Filter>Source Files</Filter>
    </ClCompile>
    <ClCompile Include="incrementScoreEvent.cpp">
      <Filter>Source Files</Filter>
    </ClCompile>
    <ClCompile Include="audioManager.cpp">
      <Filter>Source Files</Filter>
    </ClCompile>
    <ClCompile Include="Entity.cpp">
      <Filter>Source Files</Filter>
    </ClCompile>
    <ClCompile Include="collisionComponent.cpp">
      <Filter>Source Files</Filter>
    </ClCompile>
    <ClCompile Include="meleeWeaponBehavior.cpp">
      <Filter>Source Files</Filter>
    </ClCompile>
    <ClCompile Include="physicsComponent.cpp">
      <Filter>Source Files</Filter>
    </ClCompile>
    <ClCompile Include="Vector2D.cpp">
      <Filter>Source Files</Filter>
    </ClCompile>
    <ClCompile Include="hitBox.cpp">
      <Filter>Source Files</Filter>
    </ClCompile>
    <ClCompile Include="weapon.cpp">
      <Filter>Source Files</Filter>
    </ClCompile>
    <ClCompile Include="attack.cpp">
      <Filter>Source Files</Filter>
    </ClCompile>
    <ClCompile Include="weaponBehavior.cpp">
      <Filter>Source Files</Filter>
    </ClCompile>
    <ClCompile Include="playerInputComponent.cpp">
      <Filter>Source Files</Filter>
    </ClCompile>
    <ClCompile Include="playerInputEvent.cpp">
      <Filter>Source Files</Filter>
    </ClCompile>
    <ClCompile Include="meleeEntityInputComponent.cpp">
      <Filter>Source Files</Filter>
    </ClCompile>
    <ClCompile Include="inputComponent.cpp">
      <Filter>Source Files</Filter>
    </ClCompile>
    <ClCompile Include="playSoundEvent.cpp">
      <Filter>Source Files</Filter>
    </ClCompile>
    <ClCompile Include="PerformanceTracker.cpp">
      <Filter>Source Files</Filter>
    </ClCompile>
    <ClCompile Include="Collectible.cpp">
      <Filter>Source Files</Filter>
    </ClCompile>
    <ClCompile Include="inputReleaseEvent.cpp">
      <Filter>Source Files</Filter>
    </ClCompile>
    <ClCompile Include="movePlayerEvent.cpp">
      <Filter>Source Files</Filter>
    </ClCompile>
    <ClCompile Include="uiBox.cpp">
      <Filter>Source Files</Filter>
    </ClCompile>
    <ClCompile Include="mouseClickEvent.cpp">
      <Filter>Source Files</Filter>
    </ClCompile>
    <ClCompile Include="pauseEvent.cpp">
      <Filter>Source Files</Filter>
    </ClCompile>
    <ClCompile Include="loadEvent.cpp">
      <Filter>Source Files</Filter>
    </ClCompile>
    <ClCompile Include="ArmorManager.cpp">
      <Filter>Source Files</Filter>
    </ClCompile>
    <ClCompile Include="Armor.cpp">
      <Filter>Source Files</Filter>
    </ClCompile>
    <ClCompile Include="playerHealthEvent.cpp">
      <Filter>Source Files</Filter>
    </ClCompile>
    <ClCompile Include="volumeEvent.cpp">
      <Filter>Source Files</Filter>
    </ClCompile>
    <ClCompile Include="levelEndEvent.cpp">
      <Filter>Source Files</Filter>
    </ClCompile>
    <ClCompile Include="victoryItemFoundEvent.cpp">
      <Filter>Source Files</Filter>
    </ClCompile>
    <ClCompile Include="ItemSpawner.cpp">
      <Filter>Source Files</Filter>
    </ClCompile>
    <ClCompile Include="inputManager.cpp">
      <Filter>Source Files</Filter>
    </ClCompile>
    <ClCompile Include="bowProjectileWeaponBehavior.cpp">
      <Filter>Source Files</Filter>
    </ClCompile>
    <ClCompile Include="projectileEntityInputComponent.cpp">
      <Filter>Source Files</Filter>
    </ClCompile>
    <ClCompile Include="playerDeathEvent.cpp">
      <Filter>Source Files</Filter>
    </ClCompile>
    <ClCompile Include="difficultyChangeEvent.cpp">
      <Filter>Source Files</Filter>
    </ClCompile>
    <ClCompile Include="mouseMoveEvent.cpp">
      <Filter>Source Files</Filter>
    </ClCompile>
  </ItemGroup>
  <ItemGroup>
    <ClInclude Include="graphicsBuffer.h">
      <Filter>Header Files</Filter>
    </ClInclude>
    <ClInclude Include="graphicsSystem.h">
      <Filter>Header Files</Filter>
    </ClInclude>
    <ClInclude Include="sprite.h">
      <Filter>Header Files</Filter>
    </ClInclude>
    <ClInclude Include="game.h">
      <Filter>Header Files</Filter>
    </ClInclude>
    <ClInclude Include="animation.h">
      <Filter>Header Files</Filter>
    </ClInclude>
    <ClInclude Include="unit.h">
      <Filter>Header Files</Filter>
    </ClInclude>
    <ClInclude Include="graphicsBufferManager.h">
      <Filter>Header Files</Filter>
    </ClInclude>
    <ClInclude Include="event.h">
      <Filter>Header Files</Filter>
    </ClInclude>
    <ClInclude Include="inputSystem.h">
      <Filter>Header Files</Filter>
    </ClInclude>
    <ClInclude Include="EventListener.h">
      <Filter>Header Files</Filter>
    </ClInclude>
    <ClInclude Include="EventSystem.h">
      <Filter>Header Files</Filter>
    </ClInclude>
    <ClInclude Include="quitEvent.h">
      <Filter>Header Files</Filter>
    </ClInclude>
    <ClInclude Include="unitAddEvent.h">
      <Filter>Header Files</Filter>
    </ClInclude>
    <ClInclude Include="unitRemoveEvent.h">
      <Filter>Header Files</Filter>
    </ClInclude>
    <ClInclude Include="unitManager.h">
      <Filter>Header Files</Filter>
    </ClInclude>
    <ClInclude Include="level.h">
      <Filter>Header Files</Filter>
    </ClInclude>
    <ClInclude Include="levelManager.h">
      <Filter>Header Files</Filter>
    </ClInclude>
    <ClInclude Include="jsonData.h">
      <Filter>Header Files</Filter>
    </ClInclude>
    <ClInclude Include="color.h">
      <Filter>Header Files</Filter>
    </ClInclude>
    <ClInclude Include="ui.h">
      <Filter>Header Files</Filter>
    </ClInclude>
    <ClInclude Include="incrementScoreEvent.h">
      <Filter>Header Files</Filter>
    </ClInclude>
    <ClInclude Include="incrementLivesEvent.h">
      <Filter>Header Files</Filter>
    </ClInclude>
    <ClInclude Include="updateFPSEvent.h">
      <Filter>Header Files</Filter>
    </ClInclude>
    <ClInclude Include="font.h">
      <Filter>Header Files</Filter>
    </ClInclude>
    <ClInclude Include="wall.h">
      <Filter>Header Files</Filter>
    </ClInclude>
    <ClInclude Include="audioManager.h">
      <Filter>Header Files</Filter>
    </ClInclude>
    <ClInclude Include="Entity.h">
      <Filter>Header Files</Filter>
    </ClInclude>
    <ClInclude Include="startEvent.h">
      <Filter>Header Files</Filter>
    </ClInclude>
    <ClInclude Include="physicsComponent.h">
      <Filter>Header Files</Filter>
    </ClInclude>
    <ClInclude Include="collisionComponent.h">
      <Filter>Header Files</Filter>
    </ClInclude>
    <ClInclude Include="weapon.h">
      <Filter>Header Files</Filter>
    </ClInclude>
    <ClInclude Include="attack.h">
      <Filter>Header Files</Filter>
    </ClInclude>
    <ClInclude Include="weaponBehavior.h">
      <Filter>Header Files</Filter>
    </ClInclude>
    <ClInclude Include="meleeWeaponBehavior.h">
      <Filter>Header Files</Filter>
    </ClInclude>
    <ClInclude Include="hitBox.h">
      <Filter>Header Files</Filter>
    </ClInclude>
    <ClInclude Include="Vector2D.h">
      <Filter>Header Files</Filter>
    </ClInclude>
    <ClInclude Include="inputComponent.h">
      <Filter>Header Files</Filter>
    </ClInclude>
    <ClInclude Include="meleeEntityInputComponent.h">
      <Filter>Header Files</Filter>
    </ClInclude>
    <ClInclude Include="playerInputEvent.h">
      <Filter>Header Files</Filter>
    </ClInclude>
    <ClInclude Include="playerInputComponent.h">
      <Filter>Header Files</Filter>
    </ClInclude>
    <ClInclude Include="bowProjectileWeaponBehavior.h">
      <Filter>Header Files</Filter>
    </ClInclude>
    <ClInclude Include="playSoundEvent.h">
      <Filter>Header Files</Filter>
    </ClInclude>
    <ClInclude Include="PerformanceTracker.h">
      <Filter>Header Files</Filter>
    </ClInclude>
    <ClInclude Include="Collectible.h">
      <Filter>Header Files</Filter>
    </ClInclude>
    <ClInclude Include="inputReleaseEvent.h">
      <Filter>Header Files</Filter>
    </ClInclude>
    <ClInclude Include="movePlayerEvent.h">
      <Filter>Header Files</Filter>
    </ClInclude>
    <ClInclude Include="uiBox.h">
      <Filter>Header Files</Filter>
    </ClInclude>
    <ClInclude Include="mouseClickEvent.h">
      <Filter>Header Files</Filter>
    </ClInclude>
    <ClInclude Include="pauseEvent.h">
      <Filter>Header Files</Filter>
    </ClInclude>
    <ClInclude Include="loadEvent.h">
      <Filter>Header Files</Filter>
    </ClInclude>
    <ClInclude Include="Armor.h">
      <Filter>Header Files</Filter>
    </ClInclude>
    <ClInclude Include="ArmorManager.h">
      <Filter>Header Files</Filter>
    </ClInclude>
    <ClInclude Include="playerHealthEvent.h">
      <Filter>Header Files</Filter>
    </ClInclude>
    <ClInclude Include="volumeEvent.h">
      <Filter>Header Files</Filter>
    </ClInclude>
    <ClInclude Include="victoryItemFoundEvent.h">
      <Filter>Header Files</Filter>
    </ClInclude>
    <ClInclude Include="levelEndEvent.h">
      <Filter>Header Files</Filter>
    </ClInclude>
    <ClInclude Include="ItemSpawner.h">
      <Filter>Header Files</Filter>
    </ClInclude>
    <ClInclude Include="inputManager.h">
      <Filter>Header Files</Filter>
    </ClInclude>
    <ClInclude Include="projectileEntityInputComponent.h">
      <Filter>Header Files</Filter>
    </ClInclude>
    <ClInclude Include="playerDeathEvent.h">
      <Filter>Header Files</Filter>
    </ClInclude>
    <ClInclude Include="difficultyChangeEvent.h">
      <Filter>Header Files</Filter>
    </ClInclude>
    <ClInclude Include="mouseMoveEvent.h">
      <Filter>Header Files</Filter>
    </ClInclude>
  </ItemGroup>
</Project>